
Microsoft Visual Studio Solution File, Format Version 12.00
# Visual Studio Version 17
VisualStudioVersion = 17.5.002.0
MinimumVisualStudioVersion = 10.0.40219.1
Project("{9A19103F-16F7-4668-BE54-9A1E7A4F7556}") = "EPR.Calculator.API", "EPR.Calculator.API\EPR.Calculator.API.csproj", "{6F17BA20-DBB1-4354-8D71-3AA831450CE7}"
	ProjectSection(ProjectDependencies) = postProject
		{776A1488-11E2-4CD7-8291-9FDC0680ECB0} = {776A1488-11E2-4CD7-8291-9FDC0680ECB0}
	EndProjectSection
EndProject
Project("{9A19103F-16F7-4668-BE54-9A1E7A4F7556}") = "EPR.Calculator.API.UnitTests", "EPR.Calculator.API.UnitTests\EPR.Calculator.API.UnitTests.csproj", "{51705AC9-C603-427A-A71E-340524E9A997}"
EndProject
Project("{2150E333-8FDC-42A3-9474-1A3956D46DE8}") = "src", "src", "{103BCD9B-8BFE-4100-8977-E66A1731BC39}"
EndProject
Project("{9A19103F-16F7-4668-BE54-9A1E7A4F7556}") = "EPR.Calculator.API.Data", "EPR.Calculator.API.Data\EPR.Calculator.API.Data.csproj", "{776A1488-11E2-4CD7-8291-9FDC0680ECB0}"
EndProject
Project("{2150E333-8FDC-42A3-9474-1A3956D46DE8}") = "Tests", "Tests", "{FAC139E5-2EFD-4616-BE6B-D6E0566E83B0}"
EndProject
Global
	GlobalSection(SolutionConfigurationPlatforms) = preSolution
		Debug|Any CPU = Debug|Any CPU
		Release|Any CPU = Release|Any CPU
	EndGlobalSection
	GlobalSection(ProjectConfigurationPlatforms) = postSolution
		{6F17BA20-DBB1-4354-8D71-3AA831450CE7}.Debug|Any CPU.ActiveCfg = Debug|Any CPU
		{6F17BA20-DBB1-4354-8D71-3AA831450CE7}.Debug|Any CPU.Build.0 = Debug|Any CPU
		{6F17BA20-DBB1-4354-8D71-3AA831450CE7}.Release|Any CPU.ActiveCfg = Release|Any CPU
		{6F17BA20-DBB1-4354-8D71-3AA831450CE7}.Release|Any CPU.Build.0 = Release|Any CPU
		{51705AC9-C603-427A-A71E-340524E9A997}.Debug|Any CPU.ActiveCfg = Debug|Any CPU
		{51705AC9-C603-427A-A71E-340524E9A997}.Debug|Any CPU.Build.0 = Debug|Any CPU
		{51705AC9-C603-427A-A71E-340524E9A997}.Release|Any CPU.ActiveCfg = Release|Any CPU
		{51705AC9-C603-427A-A71E-340524E9A997}.Release|Any CPU.Build.0 = Release|Any CPU
		{776A1488-11E2-4CD7-8291-9FDC0680ECB0}.Debug|Any CPU.ActiveCfg = Debug|Any CPU
		{776A1488-11E2-4CD7-8291-9FDC0680ECB0}.Debug|Any CPU.Build.0 = Debug|Any CPU
		{776A1488-11E2-4CD7-8291-9FDC0680ECB0}.Release|Any CPU.ActiveCfg = Release|Any CPU
		{776A1488-11E2-4CD7-8291-9FDC0680ECB0}.Release|Any CPU.Build.0 = Release|Any CPU
	EndGlobalSection
	GlobalSection(SolutionProperties) = preSolution
		HideSolutionNode = FALSE
	EndGlobalSection
	GlobalSection(NestedProjects) = preSolution
		{6F17BA20-DBB1-4354-8D71-3AA831450CE7} = {103BCD9B-8BFE-4100-8977-E66A1731BC39}
		{51705AC9-C603-427A-A71E-340524E9A997} = {FAC139E5-2EFD-4616-BE6B-D6E0566E83B0}
		{776A1488-11E2-4CD7-8291-9FDC0680ECB0} = {103BCD9B-8BFE-4100-8977-E66A1731BC39}
	EndGlobalSection
	GlobalSection(ExtensibilityGlobals) = postSolution
		SolutionGuid = {B22EC9BC-2DDC-48E0-8FFB-CD4E3C95B283}
	EndGlobalSection
EndGlobal
